{
  "nodes": {
    "nixpkgs": {
      "locked": {
        "lastModified": 1598114716,
        "narHash": "sha256-Leyoa3lgdghwsP4JKGD5E8gOwxbzQXkk2jgvqlD0FwA=",
        "owner": "NixOS",
        "repo": "nixpkgs",
        "rev": "344787cf8e040a895bb239ac7c45f5ab6fc1986e",
        "type": "github"
      },
      "original": {
        "owner": "NixOS",
        "repo": "nixpkgs",
        "type": "github"
      }
    },
    "root": {
      "inputs": {
        "nixpkgs": "nixpkgs",
        "utils": "utils"
      }
    },
    "utils": {
      "locked": {
        "lastModified": 1597053966,
        "narHash": "sha256-f9lbPS/GJ1His8fsDqM6gfa8kSqREU4eKiMCS5hrKg4=",
        "owner": "numtide",
        "repo": "flake-utils",
        "rev": "ec20f52e2ff61e9c36c2b894b62fc1b4bd04c71b",
        "type": "github"
      },
      "original": {
        "owner": "numtide",
        "repo": "flake-utils",
        "type": "github"
      }
    }
  },
  "root": "root",
  "version": 7
}
